
Microsoft Visual Studio Solution File, Format Version 12.00
# Visual Studio Version 16
VisualStudioVersion = 16.0.29509.3
MinimumVisualStudioVersion = 10.0.40219.1
Project("{E24C65DC-7377-472B-9ABA-BC803B73C61A}") = "NCOM_WebSite", "NCOM_WebSite\", "{CA044811-F2F7-4060-A48B-1ED7FBFBEE7A}"
	ProjectSection(WebsiteProperties) = preProject
		TargetFrameworkMoniker = ".NETFramework,Version%3Dv4.7.2"
		Debug.AspNetCompiler.VirtualPath = "/localhost_60016"
		Debug.AspNetCompiler.PhysicalPath = "NCOM_WebSite\"
		Debug.AspNetCompiler.TargetPath = "PrecompiledWeb\localhost_60016\"
		Debug.AspNetCompiler.Updateable = "true"
		Debug.AspNetCompiler.ForceOverwrite = "true"
		Debug.AspNetCompiler.FixedNames = "false"
		Debug.AspNetCompiler.Debug = "True"
		Release.AspNetCompiler.VirtualPath = "/localhost_60016"
		Release.AspNetCompiler.PhysicalPath = "NCOM_WebSite\"
		Release.AspNetCompiler.TargetPath = "PrecompiledWeb\localhost_60016\"
		Release.AspNetCompiler.Updateable = "true"
		Release.AspNetCompiler.ForceOverwrite = "true"
		Release.AspNetCompiler.FixedNames = "false"
		Release.AspNetCompiler.Debug = "False"
		VWDPort = "60016"
		SlnRelativePath = "NCOM_WebSite\"
		DefaultWebSiteLanguage = "Visual C#"
	EndProjectSection
EndProject
Global
	GlobalSection(SolutionConfigurationPlatforms) = preSolution
		Debug|Any CPU = Debug|Any CPU
	EndGlobalSection
	GlobalSection(ProjectConfigurationPlatforms) = postSolution
		{CA044811-F2F7-4060-A48B-1ED7FBFBEE7A}.Debug|Any CPU.ActiveCfg = Debug|Any CPU
		{CA044811-F2F7-4060-A48B-1ED7FBFBEE7A}.Debug|Any CPU.Build.0 = Debug|Any CPU
	EndGlobalSection
	GlobalSection(SolutionProperties) = preSolution
		HideSolutionNode = FALSE
	EndGlobalSection
	GlobalSection(ExtensibilityGlobals) = postSolution
		SolutionGuid = {4C498872-8978-48A3-A5C5-DDFCCBD7B53D}
	EndGlobalSection
EndGlobal
